// !$*UTF8*$!
{
	archiveVersion = 1;
	classes = {
	};
	objectVersion = 46;
	objects = {

/* Begin PBXBuildFile section */
		764B3C9E2090B15C0099971B /* AppDelegate.swift in Sources */ = {isa = PBXBuildFile; fileRef = 764B3C9D2090B15C0099971B /* AppDelegate.swift */; };
		764B3CA02090B15C0099971B /* ViewController.swift in Sources */ = {isa = PBXBuildFile; fileRef = 764B3C9F2090B15C0099971B /* ViewController.swift */; };
		764B3CA32090B15C0099971B /* Main.storyboard in Resources */ = {isa = PBXBuildFile; fileRef = 764B3CA12090B15C0099971B /* Main.storyboard */; };
		764B3CA52090B15C0099971B /* Assets.xcassets in Resources */ = {isa = PBXBuildFile; fileRef = 764B3CA42090B15C0099971B /* Assets.xcassets */; };
		764B3CA82090B15C0099971B /* LaunchScreen.storyboard in Resources */ = {isa = PBXBuildFile; fileRef = 764B3CA62090B15C0099971B /* LaunchScreen.storyboard */; };
		764B3CB32090B15C0099971B /* ProduvarTests.swift in Sources */ = {isa = PBXBuildFile; fileRef = 764B3CB22090B15C0099971B /* ProduvarTests.swift */; };
		764B3CBE2090B15C0099971B /* ProduvarUITests.swift in Sources */ = {isa = PBXBuildFile; fileRef = 764B3CBD2090B15C0099971B /* ProduvarUITests.swift */; };
/* End PBXBuildFile section */

/* Begin PBXContainerItemProxy section */
		764B3CAF2090B15C0099971B /* PBXContainerItemProxy */ = {
			isa = PBXContainerItemProxy;
			containerPortal = 764B3C922090B15A0099971B /* Project object */;
			proxyType = 1;
			remoteGlobalIDString = 764B3C992090B15A0099971B;
			remoteInfo = Produvar;
		};
		764B3CBA2090B15C0099971B /* PBXContainerItemProxy */ = {
			isa = PBXContainerItemProxy;
			containerPortal = 764B3C922090B15A0099971B /* Project object */;
			proxyType = 1;
			remoteGlobalIDString = 764B3C992090B15A0099971B;
			remoteInfo = Produvar;
		};
/* End PBXContainerItemProxy section */

/* Begin PBXFileReference section */
		764B3C9A2090B15C0099971B /* Produvar.app */ = {isa = PBXFileReference; explicitFileType = wrapper.application; includeInIndex = 0; path = Produvar.app; sourceTree = BUILT_PRODUCTS_DIR; };
		764B3C9D2090B15C0099971B /* AppDelegate.swift */ = {isa = PBXFileReference; lastKnownFileType = sourcecode.swift; path = AppDelegate.swift; sourceTree = "<group>"; };
		764B3C9F2090B15C0099971B /* ViewController.swift */ = {isa = PBXFileReference; lastKnownFileType = sourcecode.swift; path = ViewController.swift; sourceTree = "<group>"; };
		764B3CA22090B15C0099971B /* Base */ = {isa = PBXFileReference; lastKnownFileType = file.storyboard; name = Base; path = Base.lproj/Main.storyboard; sourceTree = "<group>"; };
		764B3CA42090B15C0099971B /* Assets.xcassets */ = {isa = PBXFileReference; lastKnownFileType = folder.assetcatalog; path = Assets.xcassets; sourceTree = "<group>"; };
		764B3CA72090B15C0099971B /* Base */ = {isa = PBXFileReference; lastKnownFileType = file.storyboard; name = Base; path = Base.lproj/LaunchScreen.storyboard; sourceTree = "<group>"; };
		764B3CA92090B15C0099971B /* Info.plist */ = {isa = PBXFileReference; lastKnownFileType = text.plist.xml; path = Info.plist; sourceTree = "<group>"; };
		764B3CAE2090B15C0099971B /* ProduvarTests.xctest */ = {isa = PBXFileReference; explicitFileType = wrapper.cfbundle; includeInIndex = 0; path = ProduvarTests.xctest; sourceTree = BUILT_PRODUCTS_DIR; };
		764B3CB22090B15C0099971B /* ProduvarTests.swift */ = {isa = PBXFileReference; lastKnownFileType = sourcecode.swift; path = ProduvarTests.swift; sourceTree = "<group>"; };
		764B3CB42090B15C0099971B /* Info.plist */ = {isa = PBXFileReference; lastKnownFileType = text.plist.xml; path = Info.plist; sourceTree = "<group>"; };
		764B3CB92090B15C0099971B /* ProduvarUITests.xctest */ = {isa = PBXFileReference; explicitFileType = wrapper.cfbundle; includeInIndex = 0; path = ProduvarUITests.xctest; sourceTree = BUILT_PRODUCTS_DIR; };
		764B3CBD2090B15C0099971B /* ProduvarUITests.swift */ = {isa = PBXFileReference; lastKnownFileType = sourcecode.swift; path = ProduvarUITests.swift; sourceTree = "<group>"; };
		764B3CBF2090B15C0099971B /* Info.plist */ = {isa = PBXFileReference; lastKnownFileType = text.plist.xml; path = Info.plist; sourceTree = "<group>"; };
/* End PBXFileReference section */

/* Begin PBXFrameworksBuildPhase section */
		764B3C972090B15A0099971B /* Frameworks */ = {
			isa = PBXFrameworksBuildPhase;
			buildActionMask = 2147483647;
			files = (
			);
			runOnlyForDeploymentPostprocessing = 0;
		};
		764B3CAB2090B15C0099971B /* Frameworks */ = {
			isa = PBXFrameworksBuildPhase;
			buildActionMask = 2147483647;
			files = (
			);
			runOnlyForDeploymentPostprocessing = 0;
		};
		764B3CB62090B15C0099971B /* Frameworks */ = {
			isa = PBXFrameworksBuildPhase;
			buildActionMask = 2147483647;
			files = (
			);
			runOnlyForDeploymentPostprocessing = 0;
		};
/* End PBXFrameworksBuildPhase section */

/* Begin PBXGroup section */
		764B3C912090B15A0099971B = {
			isa = PBXGroup;
			children = (
				764B3C9C2090B15C0099971B /* Produvar */,
				764B3CB12090B15C0099971B /* ProduvarTests */,
				764B3CBC2090B15C0099971B /* ProduvarUITests */,
				764B3C9B2090B15C0099971B /* Products */,
			);
			sourceTree = "<group>";
		};
		764B3C9B2090B15C0099971B /* Products */ = {
			isa = PBXGroup;
			children = (
				764B3C9A2090B15C0099971B /* Produvar.app */,
				764B3CAE2090B15C0099971B /* ProduvarTests.xctest */,
				764B3CB92090B15C0099971B /* ProduvarUITests.xctest */,
			);
			name = Products;
			sourceTree = "<group>";
		};
		764B3C9C2090B15C0099971B /* Produvar */ = {
			isa = PBXGroup;
			children = (
				764B3C9D2090B15C0099971B /* AppDelegate.swift */,
				764B3C9F2090B15C0099971B /* ViewController.swift */,
				764B3CA12090B15C0099971B /* Main.storyboard */,
				764B3CA42090B15C0099971B /* Assets.xcassets */,
				764B3CA62090B15C0099971B /* LaunchScreen.storyboard */,
				764B3CA92090B15C0099971B /* Info.plist */,
			);
			path = Produvar;
			sourceTree = "<group>";
		};
		764B3CB12090B15C0099971B /* ProduvarTests */ = {
			isa = PBXGroup;
			children = (
				764B3CB22090B15C0099971B /* ProduvarTests.swift */,
				764B3CB42090B15C0099971B /* Info.plist */,
			);
			path = ProduvarTests;
			sourceTree = "<group>";
		};
		764B3CBC2090B15C0099971B /* ProduvarUITests */ = {
			isa = PBXGroup;
			children = (
				764B3CBD2090B15C0099971B /* ProduvarUITests.swift */,
				764B3CBF2090B15C0099971B /* Info.plist */,
			);
			path = ProduvarUITests;
			sourceTree = "<group>";
		};
/* End PBXGroup section */

/* Begin PBXNativeTarget section */
		764B3C992090B15A0099971B /* Produvar */ = {
			isa = PBXNativeTarget;
			buildConfigurationList = 764B3CC22090B15C0099971B /* Build configuration list for PBXNativeTarget "Produvar" */;
			buildPhases = (
				764B3C962090B15A0099971B /* Sources */,
				764B3C972090B15A0099971B /* Frameworks */,
				764B3C982090B15A0099971B /* Resources */,
			);
			buildRules = (
			);
			dependencies = (
			);
			name = Produvar;
			productName = Produvar;
			productReference = 764B3C9A2090B15C0099971B /* Produvar.app */;
			productType = "com.apple.product-type.application";
		};
		764B3CAD2090B15C0099971B /* ProduvarTests */ = {
			isa = PBXNativeTarget;
			buildConfigurationList = 764B3CC52090B15C0099971B /* Build configuration list for PBXNativeTarget "ProduvarTests" */;
			buildPhases = (
				764B3CAA2090B15C0099971B /* Sources */,
				764B3CAB2090B15C0099971B /* Frameworks */,
				764B3CAC2090B15C0099971B /* Resources */,
			);
			buildRules = (
			);
			dependencies = (
				764B3CB02090B15C0099971B /* PBXTargetDependency */,
			);
			name = ProduvarTests;
			productName = ProduvarTests;
			productReference = 764B3CAE2090B15C0099971B /* ProduvarTests.xctest */;
			productType = "com.apple.product-type.bundle.unit-test";
		};
		764B3CB82090B15C0099971B /* ProduvarUITests */ = {
			isa = PBXNativeTarget;
			buildConfigurationList = 764B3CC82090B15C0099971B /* Build configuration list for PBXNativeTarget "ProduvarUITests" */;
			buildPhases = (
				764B3CB52090B15C0099971B /* Sources */,
				764B3CB62090B15C0099971B /* Frameworks */,
				764B3CB72090B15C0099971B /* Resources */,
			);
			buildRules = (
			);
			dependencies = (
				764B3CBB2090B15C0099971B /* PBXTargetDependency */,
			);
			name = ProduvarUITests;
			productName = ProduvarUITests;
			productReference = 764B3CB92090B15C0099971B /* ProduvarUITests.xctest */;
			productType = "com.apple.product-type.bundle.ui-testing";
		};
/* End PBXNativeTarget section */

/* Begin PBXProject section */
		764B3C922090B15A0099971B /* Project object */ = {
			isa = PBXProject;
			attributes = {
				LastSwiftUpdateCheck = 0820;
				LastUpgradeCheck = 0820;
				ORGANIZATIONNAME = HSEProject;
				TargetAttributes = {
					764B3C992090B15A0099971B = {
						CreatedOnToolsVersion = 8.2.1;
						ProvisioningStyle = Automatic;
					};
					764B3CAD2090B15C0099971B = {
						CreatedOnToolsVersion = 8.2.1;
						ProvisioningStyle = Automatic;
						TestTargetID = 764B3C992090B15A0099971B;
					};
					764B3CB82090B15C0099971B = {
						CreatedOnToolsVersion = 8.2.1;
						ProvisioningStyle = Automatic;
						TestTargetID = 764B3C992090B15A0099971B;
					};
				};
			};
			buildConfigurationList = 764B3C952090B15A0099971B /* Build configuration list for PBXProject "Produvar" */;
			compatibilityVersion = "Xcode 3.2";
			developmentRegion = English;
			hasScannedForEncodings = 0;
			knownRegions = (
				en,
				Base,
			);
			mainGroup = 764B3C912090B15A0099971B;
			productRefGroup = 764B3C9B2090B15C0099971B /* Products */;
			projectDirPath = "";
			projectRoot = "";
			targets = (
				764B3C992090B15A0099971B /* Produvar */,
				764B3CAD2090B15C0099971B /* ProduvarTests */,
				764B3CB82090B15C0099971B /* ProduvarUITests */,
			);
		};
/* End PBXProject section */

/* Begin PBXResourcesBuildPhase section */
		764B3C982090B15A0099971B /* Resources */ = {
			isa = PBXResourcesBuildPhase;
			buildActionMask = 2147483647;
			files = (
				764B3CA82090B15C0099971B /* LaunchScreen.storyboard in Resources */,
				764B3CA52090B15C0099971B /* Assets.xcassets in Resources */,
				764B3CA32090B15C0099971B /* Main.storyboard in Resources */,
			);
			runOnlyForDeploymentPostprocessing = 0;
		};
		764B3CAC2090B15C0099971B /* Resources */ = {
			isa = PBXResourcesBuildPhase;
			buildActionMask = 2147483647;
			files = (
			);
			runOnlyForDeploymentPostprocessing = 0;
		};
		764B3CB72090B15C0099971B /* Resources */ = {
			isa = PBXResourcesBuildPhase;
			buildActionMask = 2147483647;
			files = (
			);
			runOnlyForDeploymentPostprocessing = 0;
		};
/* End PBXResourcesBuildPhase section */

/* Begin PBXSourcesBuildPhase section */
		764B3C962090B15A0099971B /* Sources */ = {
			isa = PBXSourcesBuildPhase;
			buildActionMask = 2147483647;
			files = (
				764B3CA02090B15C0099971B /* ViewController.swift in Sources */,
				764B3C9E2090B15C0099971B /* AppDelegate.swift in Sources */,
			);
			runOnlyForDeploymentPostprocessing = 0;
		};
		764B3CAA2090B15C0099971B /* Sources */ = {
			isa = PBXSourcesBuildPhase;
			buildActionMask = 2147483647;
			files = (
				764B3CB32090B15C0099971B /* ProduvarTests.swift in Sources */,
			);
			runOnlyForDeploymentPostprocessing = 0;
		};
		764B3CB52090B15C0099971B /* Sources */ = {
			isa = PBXSourcesBuildPhase;
			buildActionMask = 2147483647;
			files = (
				764B3CBE2090B15C0099971B /* ProduvarUITests.swift in Sources */,
			);
			runOnlyForDeploymentPostprocessing = 0;
		};
/* End PBXSourcesBuildPhase section */

/* Begin PBXTargetDependency section */
		764B3CB02090B15C0099971B /* PBXTargetDependency */ = {
			isa = PBXTargetDependency;
			target = 764B3C992090B15A0099971B /* Produvar */;
			targetProxy = 764B3CAF2090B15C0099971B /* PBXContainerItemProxy */;
		};
		764B3CBB2090B15C0099971B /* PBXTargetDependency */ = {
			isa = PBXTargetDependency;
			target = 764B3C992090B15A0099971B /* Produvar */;
			targetProxy = 764B3CBA2090B15C0099971B /* PBXContainerItemProxy */;
		};
/* End PBXTargetDependency section */

/* Begin PBXVariantGroup section */
		764B3CA12090B15C0099971B /* Main.storyboard */ = {
			isa = PBXVariantGroup;
			children = (
				764B3CA22090B15C0099971B /* Base */,
			);
			name = Main.storyboard;
			sourceTree = "<group>";
		};
		764B3CA62090B15C0099971B /* LaunchScreen.storyboard */ = {
			isa = PBXVariantGroup;
			children = (
				764B3CA72090B15C0099971B /* Base */,
			);
			name = LaunchScreen.storyboard;
			sourceTree = "<group>";
		};
/* End PBXVariantGroup section */

/* Begin XCBuildConfiguration section */
		764B3CC02090B15C0099971B /* Debug */ = {
			isa = XCBuildConfiguration;
			buildSettings = {
				ALWAYS_SEARCH_USER_PATHS = NO;
				CLANG_ANALYZER_NONNULL = YES;
				CLANG_CXX_LANGUAGE_STANDARD = "gnu++0x";
				CLANG_CXX_LIBRARY = "libc++";
				CLANG_ENABLE_MODULES = YES;
				CLANG_ENABLE_OBJC_ARC = YES;
				CLANG_WARN_BOOL_CONVERSION = YES;
				CLANG_WARN_CONSTANT_CONVERSION = YES;
				CLANG_WARN_DIRECT_OBJC_ISA_USAGE = YES_ERROR;
				CLANG_WARN_DOCUMENTATION_COMMENTS = YES;
				CLANG_WARN_EMPTY_BODY = YES;
				CLANG_WARN_ENUM_CONVERSION = YES;
				CLANG_WARN_INFINITE_RECURSION = YES;
				CLANG_WARN_INT_CONVERSION = YES;
				CLANG_WARN_OBJC_ROOT_CLASS = YES_ERROR;
				CLANG_WARN_SUSPICIOUS_MOVE = YES;
				CLANG_WARN_UNREACHABLE_CODE = YES;
				CLANG_WARN__DUPLICATE_METHOD_MATCH = YES;
				"CODE_SIGN_IDENTITY[sdk=iphoneos*]" = "iPhone Developer";
				COPY_PHASE_STRIP = NO;
				DEBUG_INFORMATION_FORMAT = dwarf;
				ENABLE_STRICT_OBJC_MSGSEND = YES;
				ENABLE_TESTABILITY = YES;
				GCC_C_LANGUAGE_STANDARD = gnu99;
				GCC_DYNAMIC_NO_PIC = NO;
				GCC_NO_COMMON_BLOCKS = YES;
				GCC_OPTIMIZATION_LEVEL = 0;
				GCC_PREPROCESSOR_DEFINITIONS = (
					"DEBUG=1",
					"$(inherited)",
				);
				GCC_WARN_64_TO_32_BIT_CONVERSION = YES;
				GCC_WARN_ABOUT_RETURN_TYPE = YES_ERROR;
				GCC_WARN_UNDECLARED_SELECTOR = YES;
				GCC_WARN_UNINITIALIZED_AUTOS = YES_AGGRESSIVE;
				GCC_WARN_UNUSED_FUNCTION = YES;
				GCC_WARN_UNUSED_VARIABLE = YES;
				IPHONEOS_DEPLOYMENT_TARGET = 10.2;
				MTL_ENABLE_DEBUG_INFO = YES;
				ONLY_ACTIVE_ARCH = YES;
				SDKROOT = iphoneos;
				SWIFT_ACTIVE_COMPILATION_CONDITIONS = DEBUG;
				SWIFT_OPTIMIZATION_LEVEL = "-Onone";
			};
			name = Debug;
		};
		764B3CC12090B15C0099971B /* Release */ = {
			isa = XCBuildConfiguration;
			buildSettings = {
				ALWAYS_SEARCH_USER_PATHS = NO;
				CLANG_ANALYZER_NONNULL = YES;
				CLANG_CXX_LANGUAGE_STANDARD = "gnu++0x";
				CLANG_CXX_LIBRARY = "libc++";
				CLANG_ENABLE_MODULES = YES;
				CLANG_ENABLE_OBJC_ARC = YES;
				CLANG_WARN_BOOL_CONVERSION = YES;
				CLANG_WARN_CONSTANT_CONVERSION = YES;
				CLANG_WARN_DIRECT_OBJC_ISA_USAGE = YES_ERROR;
				CLANG_WARN_DOCUMENTATION_COMMENTS = YES;
				CLANG_WARN_EMPTY_BODY = YES;
				CLANG_WARN_ENUM_CONVERSION = YES;
				CLANG_WARN_INFINITE_RECURSION = YES;
				CLANG_WARN_INT_CONVERSION = YES;
				CLANG_WARN_OBJC_ROOT_CLASS = YES_ERROR;
				CLANG_WARN_SUSPICIOUS_MOVE = YES;
				CLANG_WARN_UNREACHABLE_CODE = YES;
				CLANG_WARN__DUPLICATE_METHOD_MATCH = YES;
				"CODE_SIGN_IDENTITY[sdk=iphoneos*]" = "iPhone Developer";
				COPY_PHASE_STRIP = NO;
				DEBUG_INFORMATION_FORMAT = "dwarf-with-dsym";
				ENABLE_NS_ASSERTIONS = NO;
				ENABLE_STRICT_OBJC_MSGSEND = YES;
				GCC_C_LANGUAGE_STANDARD = gnu99;
				GCC_NO_COMMON_BLOCKS = YES;
				GCC_WARN_64_TO_32_BIT_CONVERSION = YES;
				GCC_WARN_ABOUT_RETURN_TYPE = YES_ERROR;
				GCC_WARN_UNDECLARED_SELECTOR = YES;
				GCC_WARN_UNINITIALIZED_AUTOS = YES_AGGRESSIVE;
				GCC_WARN_UNUSED_FUNCTION = YES;
				GCC_WARN_UNUSED_VARIABLE = YES;
				IPHONEOS_DEPLOYMENT_TARGET = 10.2;
				MTL_ENABLE_DEBUG_INFO = NO;
				SDKROOT = iphoneos;
				SWIFT_OPTIMIZATION_LEVEL = "-Owholemodule";
				VALIDATE_PRODUCT = YES;
			};
			name = Release;
		};
		764B3CC32090B15C0099971B /* Debug */ = {
			isa = XCBuildConfiguration;
			buildSettings = {
				ASSETCATALOG_COMPILER_APPICON_NAME = AppIcon;
				INFOPLIST_FILE = Produvar/Info.plist;
				LD_RUNPATH_SEARCH_PATHS = "$(inherited) @executable_path/Frameworks";
				PRODUCT_BUNDLE_IDENTIFIER = HSE.Produvar;
				PRODUCT_NAME = "$(TARGET_NAME)";
				SWIFT_VERSION = 3.0;
			};
			name = Debug;
		};
		764B3CC42090B15C0099971B /* Release */ = {
			isa = XCBuildConfiguration;
			buildSettings = {
				ASSETCATALOG_COMPILER_APPICON_NAME = AppIcon;
				INFOPLIST_FILE = Produvar/Info.plist;
				LD_RUNPATH_SEARCH_PATHS = "$(inherited) @executable_path/Frameworks";
				PRODUCT_BUNDLE_IDENTIFIER = HSE.Produvar;
				PRODUCT_NAME = "$(TARGET_NAME)";
				SWIFT_VERSION = 3.0;
			};
			name = Release;
		};
		764B3CC62090B15C0099971B /* Debug */ = {
			isa = XCBuildConfiguration;
			buildSettings = {
				ALWAYS_EMBED_SWIFT_STANDARD_LIBRARIES = YES;
				BUNDLE_LOADER = "$(TEST_HOST)";
				INFOPLIST_FILE = ProduvarTests/Info.plist;
				LD_RUNPATH_SEARCH_PATHS = "$(inherited) @executable_path/Frameworks @loader_path/Frameworks";
				PRODUCT_BUNDLE_IDENTIFIER = HSE.ProduvarTests;
				PRODUCT_NAME = "$(TARGET_NAME)";
				SWIFT_VERSION = 3.0;
				TEST_HOST = "$(BUILT_PRODUCTS_DIR)/Produvar.app/Produvar";
			};
			name = Debug;
		};
		764B3CC72090B15C0099971B /* Release */ = {
			isa = XCBuildConfiguration;
			buildSettings = {
				ALWAYS_EMBED_SWIFT_STANDARD_LIBRARIES = YES;
				BUNDLE_LOADER = "$(TEST_HOST)";
				INFOPLIST_FILE = ProduvarTests/Info.plist;
				LD_RUNPATH_SEARCH_PATHS = "$(inherited) @executable_path/Frameworks @loader_path/Frameworks";
				PRODUCT_BUNDLE_IDENTIFIER = HSE.ProduvarTests;
				PRODUCT_NAME = "$(TARGET_NAME)";
				SWIFT_VERSION = 3.0;
				TEST_HOST = "$(BUILT_PRODUCTS_DIR)/Produvar.app/Produvar";
			};
			name = Release;
		};
		764B3CC92090B15C0099971B /* Debug */ = {
			isa = XCBuildConfiguration;
			buildSettings = {
				ALWAYS_EMBED_SWIFT_STANDARD_LIBRARIES = YES;
				INFOPLIST_FILE = ProduvarUITests/Info.plist;
				LD_RUNPATH_SEARCH_PATHS = "$(inherited) @executable_path/Frameworks @loader_path/Frameworks";
				PRODUCT_BUNDLE_IDENTIFIER = HSE.ProduvarUITests;
				PRODUCT_NAME = "$(TARGET_NAME)";
				SWIFT_VERSION = 3.0;
				TEST_TARGET_NAME = Produvar;
			};
			name = Debug;
		};
		764B3CCA2090B15C0099971B /* Release */ = {
			isa = XCBuildConfiguration;
			buildSettings = {
				ALWAYS_EMBED_SWIFT_STANDARD_LIBRARIES = YES;
				INFOPLIST_FILE = ProduvarUITests/Info.plist;
				LD_RUNPATH_SEARCH_PATHS = "$(inherited) @executable_path/Frameworks @loader_path/Frameworks";
				PRODUCT_BUNDLE_IDENTIFIER = HSE.ProduvarUITests;
				PRODUCT_NAME = "$(TARGET_NAME)";
				SWIFT_VERSION = 3.0;
				TEST_TARGET_NAME = Produvar;
			};
			name = Release;
		};
/* End XCBuildConfiguration section */

/* Begin XCConfigurationList section */
		764B3C952090B15A0099971B /* Build configuration list for PBXProject "Produvar" */ = {
			isa = XCConfigurationList;
			buildConfigurations = (
				764B3CC02090B15C0099971B /* Debug */,
				764B3CC12090B15C0099971B /* Release */,
			);
			defaultConfigurationIsVisible = 0;
			defaultConfigurationName = Release;
		};
		764B3CC22090B15C0099971B /* Build configuration list for PBXNativeTarget "Produvar" */ = {
			isa = XCConfigurationList;
			buildConfigurations = (
				764B3CC32090B15C0099971B /* Debug */,
				764B3CC42090B15C0099971B /* Release */,
			);
			defaultConfigurationIsVisible = 0;
		};
		764B3CC52090B15C0099971B /* Build configuration list for PBXNativeTarget "ProduvarTests" */ = {
			isa = XCConfigurationList;
			buildConfigurations = (
				764B3CC62090B15C0099971B /* Debug */,
				764B3CC72090B15C0099971B /* Release */,
			);
			defaultConfigurationIsVisible = 0;
		};
		764B3CC82090B15C0099971B /* Build configuration list for PBXNativeTarget "ProduvarUITests" */ = {
			isa = XCConfigurationList;
			buildConfigurations = (
				764B3CC92090B15C0099971B /* Debug */,
				764B3CCA2090B15C0099971B /* Release */,
			);
			defaultConfigurationIsVisible = 0;
		};
/* End XCConfigurationList section */
	};
	rootObject = 764B3C922090B15A0099971B /* Project object */;
}
