// !$*UTF8*$!
{
	archiveVersion = 1;
	classes = {
	};
	objectVersion = 46;
	objects = {

/* Begin PBXBuildFile section */
		7607EC1B20CEB6B1008D351B /* MessageCell.swift in Sources */ = {isa = PBXBuildFile; fileRef = 7607EC1A20CEB6B1008D351B /* MessageCell.swift */; };
		7607EC1D20CEB700008D351B /* MessageItemCell.swift in Sources */ = {isa = PBXBuildFile; fileRef = 7607EC1C20CEB700008D351B /* MessageItemCell.swift */; };
		7607EC1F20CFB9D0008D351B /* 768px-Kvadrato.svg.png in Resources */ = {isa = PBXBuildFile; fileRef = 7607EC1E20CFB9D0008D351B /* 768px-Kvadrato.svg.png */; };
		7629E87020D6FA31008D2ED5 /* icons8-спящий-режим-50.png in Resources */ = {isa = PBXBuildFile; fileRef = 7629E86D20D6FA31008D2ED5 /* icons8-спящий-режим-50.png */; };
		7629E87120D6FA31008D2ED5 /* icons8-проверено-50.png in Resources */ = {isa = PBXBuildFile; fileRef = 7629E86E20D6FA31008D2ED5 /* icons8-проверено-50.png */; };
		7629E87220D6FA31008D2ED5 /* icons8-рабочий-процесс-filled-50.png in Resources */ = {isa = PBXBuildFile; fileRef = 7629E86F20D6FA31008D2ED5 /* icons8-рабочий-процесс-filled-50.png */; };
		7629E87620D97770008D2ED5 /* Bugs in Resources */ = {isa = PBXBuildFile; fileRef = 7629E87520D97770008D2ED5 /* Bugs */; };
		7629E87820D97FBA008D2ED5 /* UpdateStatusCell.swift in Sources */ = {isa = PBXBuildFile; fileRef = 7629E87720D97FBA008D2ED5 /* UpdateStatusCell.swift */; };
		7645198820AADCAA004F2C7A /* AuthController.swift in Sources */ = {isa = PBXBuildFile; fileRef = 7645198720AADCAA004F2C7A /* AuthController.swift */; };
		7645198A20AAE46A004F2C7A /* MainViewController.swift in Sources */ = {isa = PBXBuildFile; fileRef = 7645198920AAE46A004F2C7A /* MainViewController.swift */; };
		7645198C20AAE67A004F2C7A /* AllowViewController.swift in Sources */ = {isa = PBXBuildFile; fileRef = 7645198B20AAE67A004F2C7A /* AllowViewController.swift */; };
		7645199320AAEA90004F2C7A /* icons8-администратор-26.png in Resources */ = {isa = PBXBuildFile; fileRef = 7645198E20AAEA90004F2C7A /* icons8-администратор-26.png */; };
		7645199420AAEA90004F2C7A /* produvar_logo.png in Resources */ = {isa = PBXBuildFile; fileRef = 7645198F20AAEA90004F2C7A /* produvar_logo.png */; };
		7645199520AAEA90004F2C7A /* produvar_name_logo.png in Resources */ = {isa = PBXBuildFile; fileRef = 7645199020AAEA90004F2C7A /* produvar_name_logo.png */; };
		7645199620AAEA90004F2C7A /* produvar_white 2.png in Resources */ = {isa = PBXBuildFile; fileRef = 7645199120AAEA90004F2C7A /* produvar_white 2.png */; };
		7645199720AAEA90004F2C7A /* produvar_white.png in Resources */ = {isa = PBXBuildFile; fileRef = 7645199220AAEA90004F2C7A /* produvar_white.png */; };
		764B3C9E2090B15C0099971B /* AppDelegate.swift in Sources */ = {isa = PBXBuildFile; fileRef = 764B3C9D2090B15C0099971B /* AppDelegate.swift */; };
		764B3CA02090B15C0099971B /* ViewController.swift in Sources */ = {isa = PBXBuildFile; fileRef = 764B3C9F2090B15C0099971B /* ViewController.swift */; };
		764B3CA32090B15C0099971B /* Main.storyboard in Resources */ = {isa = PBXBuildFile; fileRef = 764B3CA12090B15C0099971B /* Main.storyboard */; };
		764B3CA52090B15C0099971B /* Assets.xcassets in Resources */ = {isa = PBXBuildFile; fileRef = 764B3CA42090B15C0099971B /* Assets.xcassets */; };
		764B3CA82090B15C0099971B /* LaunchScreen.storyboard in Resources */ = {isa = PBXBuildFile; fileRef = 764B3CA62090B15C0099971B /* LaunchScreen.storyboard */; };
		764B3CB32090B15C0099971B /* ProduvarTests.swift in Sources */ = {isa = PBXBuildFile; fileRef = 764B3CB22090B15C0099971B /* ProduvarTests.swift */; };
		764B3CBE2090B15C0099971B /* ProduvarUITests.swift in Sources */ = {isa = PBXBuildFile; fileRef = 764B3CBD2090B15C0099971B /* ProduvarUITests.swift */; };
		767AD91420C862C100B934C3 /* ManufacturerCell.swift in Sources */ = {isa = PBXBuildFile; fileRef = 767AD91320C862C100B934C3 /* ManufacturerCell.swift */; };
		767AD91620C8639E00B934C3 /* OrderInfoCell.swift in Sources */ = {isa = PBXBuildFile; fileRef = 767AD91520C8639E00B934C3 /* OrderInfoCell.swift */; };
		767AD91820C8654400B934C3 /* ItemsCell.swift in Sources */ = {isa = PBXBuildFile; fileRef = 767AD91720C8654400B934C3 /* ItemsCell.swift */; };
		767AD91A20CAA28100B934C3 /* ItemsTableViewCell.swift in Sources */ = {isa = PBXBuildFile; fileRef = 767AD91920CAA28100B934C3 /* ItemsTableViewCell.swift */; };
		767AD91D20CAF2F600B934C3 /* StatusFlowCell.swift in Sources */ = {isa = PBXBuildFile; fileRef = 767AD91C20CAF2F600B934C3 /* StatusFlowCell.swift */; };
		767AD91F20CBA53A00B934C3 /* StatusItemCell.swift in Sources */ = {isa = PBXBuildFile; fileRef = 767AD91E20CBA53A00B934C3 /* StatusItemCell.swift */; };
		767C1CBE20C2847C0022C0A5 /* EmailAuthViewController.swift in Sources */ = {isa = PBXBuildFile; fileRef = 767C1CBD20C2847C0022C0A5 /* EmailAuthViewController.swift */; };
		767C1CC120C28A5F0022C0A5 /* icons8-задать-вопрос-30.png in Resources */ = {isa = PBXBuildFile; fileRef = 767C1CBF20C28A5F0022C0A5 /* icons8-задать-вопрос-30.png */; };
		767C1CC220C28A5F0022C0A5 /* icons8-камера-30.png in Resources */ = {isa = PBXBuildFile; fileRef = 767C1CC020C28A5F0022C0A5 /* icons8-камера-30.png */; };
		767C1CC420C2C8AA0022C0A5 /* OrderViewController.swift in Sources */ = {isa = PBXBuildFile; fileRef = 767C1CC320C2C8AA0022C0A5 /* OrderViewController.swift */; };
		767C1CC620C324600022C0A5 /* ScanInfo.swift in Sources */ = {isa = PBXBuildFile; fileRef = 767C1CC520C324600022C0A5 /* ScanInfo.swift */; };
		767C1CCE20C3EB040022C0A5 /* icons8-доска-планшет-26.png in Resources */ = {isa = PBXBuildFile; fileRef = 767C1CC720C3EB040022C0A5 /* icons8-доска-планшет-26.png */; };
		767C1CCF20C3EB040022C0A5 /* icons8-земной-шар-filled-50.png in Resources */ = {isa = PBXBuildFile; fileRef = 767C1CC820C3EB040022C0A5 /* icons8-земной-шар-filled-50.png */; };
		767C1CD020C3EB040022C0A5 /* icons8-календарь-50.png in Resources */ = {isa = PBXBuildFile; fileRef = 767C1CC920C3EB040022C0A5 /* icons8-календарь-50.png */; };
		767C1CD120C3EB040022C0A5 /* icons8-новый-пост-filled-50.png in Resources */ = {isa = PBXBuildFile; fileRef = 767C1CCA20C3EB040022C0A5 /* icons8-новый-пост-filled-50.png */; };
		767C1CD220C3EB040022C0A5 /* icons8-телефон-26.png in Resources */ = {isa = PBXBuildFile; fileRef = 767C1CCB20C3EB040022C0A5 /* icons8-телефон-26.png */; };
		767C1CD320C3EB040022C0A5 /* icons8-эл.-адрес-30.png in Resources */ = {isa = PBXBuildFile; fileRef = 767C1CCC20C3EB040022C0A5 /* icons8-эл.-адрес-30.png */; };
		767C1CD420C3EB040022C0A5 /* icons8-qr-код-26.png in Resources */ = {isa = PBXBuildFile; fileRef = 767C1CCD20C3EB040022C0A5 /* icons8-qr-код-26.png */; };
		76844B8220BD829B0057F2F4 /* User.swift in Sources */ = {isa = PBXBuildFile; fileRef = 76844B8120BD829B0057F2F4 /* User.swift */; };
		76844B8420BD8E370057F2F4 /* Parameters.swift in Sources */ = {isa = PBXBuildFile; fileRef = 76844B8320BD8E370057F2F4 /* Parameters.swift */; };
		768C372E20D04AE800173A1A /* Podfile in Resources */ = {isa = PBXBuildFile; fileRef = 768C372D20D04AE800173A1A /* Podfile */; };
		768C373020D2C74000173A1A /* QRAuthViewController.swift in Sources */ = {isa = PBXBuildFile; fileRef = 768C372F20D2C74000173A1A /* QRAuthViewController.swift */; };
		8F5A53C9287CD510FF00F008 /* Pods_Produvar.framework in Frameworks */ = {isa = PBXBuildFile; fileRef = 26C51D2C9AFC84501570A8FD /* Pods_Produvar.framework */; };
/* End PBXBuildFile section */

/* Begin PBXContainerItemProxy section */
		764B3CAF2090B15C0099971B /* PBXContainerItemProxy */ = {
			isa = PBXContainerItemProxy;
			containerPortal = 764B3C922090B15A0099971B /* Project object */;
			proxyType = 1;
			remoteGlobalIDString = 764B3C992090B15A0099971B;
			remoteInfo = Produvar;
		};
		764B3CBA2090B15C0099971B /* PBXContainerItemProxy */ = {
			isa = PBXContainerItemProxy;
			containerPortal = 764B3C922090B15A0099971B /* Project object */;
			proxyType = 1;
			remoteGlobalIDString = 764B3C992090B15A0099971B;
			remoteInfo = Produvar;
		};
/* End PBXContainerItemProxy section */

/* Begin PBXFileReference section */
		26C51D2C9AFC84501570A8FD /* Pods_Produvar.framework */ = {isa = PBXFileReference; explicitFileType = wrapper.framework; includeInIndex = 0; path = Pods_Produvar.framework; sourceTree = BUILT_PRODUCTS_DIR; };
		7607EC1A20CEB6B1008D351B /* MessageCell.swift */ = {isa = PBXFileReference; fileEncoding = 4; lastKnownFileType = sourcecode.swift; path = MessageCell.swift; sourceTree = "<group>"; };
		7607EC1C20CEB700008D351B /* MessageItemCell.swift */ = {isa = PBXFileReference; fileEncoding = 4; lastKnownFileType = sourcecode.swift; path = MessageItemCell.swift; sourceTree = "<group>"; };
		7607EC1E20CFB9D0008D351B /* 768px-Kvadrato.svg.png */ = {isa = PBXFileReference; lastKnownFileType = image.png; name = "768px-Kvadrato.svg.png"; path = "PNG (deprecated)/768px-Kvadrato.svg.png"; sourceTree = "<group>"; };
		7629E86D20D6FA31008D2ED5 /* icons8-спящий-режим-50.png */ = {isa = PBXFileReference; lastKnownFileType = image.png; name = "icons8-спящий-режим-50.png"; path = "PNG (deprecated)/icons8-спящий-режим-50.png"; sourceTree = "<group>"; };
		7629E86E20D6FA31008D2ED5 /* icons8-проверено-50.png */ = {isa = PBXFileReference; lastKnownFileType = image.png; name = "icons8-проверено-50.png"; path = "PNG (deprecated)/icons8-проверено-50.png"; sourceTree = "<group>"; };
		7629E86F20D6FA31008D2ED5 /* icons8-рабочий-процесс-filled-50.png */ = {isa = PBXFileReference; lastKnownFileType = image.png; name = "icons8-рабочий-процесс-filled-50.png"; path = "PNG (deprecated)/icons8-рабочий-процесс-filled-50.png"; sourceTree = "<group>"; };
		7629E87520D97770008D2ED5 /* Bugs */ = {isa = PBXFileReference; lastKnownFileType = text; path = Bugs; sourceTree = "<group>"; };
		7629E87720D97FBA008D2ED5 /* UpdateStatusCell.swift */ = {isa = PBXFileReference; lastKnownFileType = sourcecode.swift; path = UpdateStatusCell.swift; sourceTree = "<group>"; };
		7645198720AADCAA004F2C7A /* AuthController.swift */ = {isa = PBXFileReference; fileEncoding = 4; lastKnownFileType = sourcecode.swift; path = AuthController.swift; sourceTree = "<group>"; };
		7645198920AAE46A004F2C7A /* MainViewController.swift */ = {isa = PBXFileReference; fileEncoding = 4; lastKnownFileType = sourcecode.swift; path = MainViewController.swift; sourceTree = "<group>"; };
		7645198B20AAE67A004F2C7A /* AllowViewController.swift */ = {isa = PBXFileReference; fileEncoding = 4; lastKnownFileType = sourcecode.swift; path = AllowViewController.swift; sourceTree = "<group>"; };
		7645198E20AAEA90004F2C7A /* icons8-администратор-26.png */ = {isa = PBXFileReference; lastKnownFileType = image.png; name = "icons8-администратор-26.png"; path = "PNG (deprecated)/icons8-администратор-26.png"; sourceTree = "<group>"; };
		7645198F20AAEA90004F2C7A /* produvar_logo.png */ = {isa = PBXFileReference; lastKnownFileType = image.png; name = produvar_logo.png; path = "PNG (deprecated)/produvar_logo.png"; sourceTree = "<group>"; };
		7645199020AAEA90004F2C7A /* produvar_name_logo.png */ = {isa = PBXFileReference; lastKnownFileType = image.png; name = produvar_name_logo.png; path = "PNG (deprecated)/produvar_name_logo.png"; sourceTree = "<group>"; };
		7645199120AAEA90004F2C7A /* produvar_white 2.png */ = {isa = PBXFileReference; lastKnownFileType = image.png; name = "produvar_white 2.png"; path = "PNG (deprecated)/produvar_white 2.png"; sourceTree = "<group>"; };
		7645199220AAEA90004F2C7A /* produvar_white.png */ = {isa = PBXFileReference; lastKnownFileType = image.png; name = produvar_white.png; path = "PNG (deprecated)/produvar_white.png"; sourceTree = "<group>"; };
		764B3C9A2090B15C0099971B /* Produvar.app */ = {isa = PBXFileReference; explicitFileType = wrapper.application; includeInIndex = 0; path = Produvar.app; sourceTree = BUILT_PRODUCTS_DIR; };
		764B3C9D2090B15C0099971B /* AppDelegate.swift */ = {isa = PBXFileReference; lastKnownFileType = sourcecode.swift; path = AppDelegate.swift; sourceTree = "<group>"; };
		764B3C9F2090B15C0099971B /* ViewController.swift */ = {isa = PBXFileReference; lastKnownFileType = sourcecode.swift; path = ViewController.swift; sourceTree = "<group>"; };
		764B3CA22090B15C0099971B /* Base */ = {isa = PBXFileReference; lastKnownFileType = file.storyboard; name = Base; path = Base.lproj/Main.storyboard; sourceTree = "<group>"; };
		764B3CA42090B15C0099971B /* Assets.xcassets */ = {isa = PBXFileReference; lastKnownFileType = folder.assetcatalog; path = Assets.xcassets; sourceTree = "<group>"; };
		764B3CA72090B15C0099971B /* Base */ = {isa = PBXFileReference; lastKnownFileType = file.storyboard; name = Base; path = Base.lproj/LaunchScreen.storyboard; sourceTree = "<group>"; };
		764B3CA92090B15C0099971B /* Info.plist */ = {isa = PBXFileReference; lastKnownFileType = text.plist.xml; path = Info.plist; sourceTree = "<group>"; };
		764B3CAE2090B15C0099971B /* ProduvarTests.xctest */ = {isa = PBXFileReference; explicitFileType = wrapper.cfbundle; includeInIndex = 0; path = ProduvarTests.xctest; sourceTree = BUILT_PRODUCTS_DIR; };
		764B3CB22090B15C0099971B /* ProduvarTests.swift */ = {isa = PBXFileReference; lastKnownFileType = sourcecode.swift; path = ProduvarTests.swift; sourceTree = "<group>"; };
		764B3CB42090B15C0099971B /* Info.plist */ = {isa = PBXFileReference; lastKnownFileType = text.plist.xml; path = Info.plist; sourceTree = "<group>"; };
		764B3CB92090B15C0099971B /* ProduvarUITests.xctest */ = {isa = PBXFileReference; explicitFileType = wrapper.cfbundle; includeInIndex = 0; path = ProduvarUITests.xctest; sourceTree = BUILT_PRODUCTS_DIR; };
		764B3CBD2090B15C0099971B /* ProduvarUITests.swift */ = {isa = PBXFileReference; lastKnownFileType = sourcecode.swift; path = ProduvarUITests.swift; sourceTree = "<group>"; };
		764B3CBF2090B15C0099971B /* Info.plist */ = {isa = PBXFileReference; lastKnownFileType = text.plist.xml; path = Info.plist; sourceTree = "<group>"; };
		767AD91320C862C100B934C3 /* ManufacturerCell.swift */ = {isa = PBXFileReference; fileEncoding = 4; lastKnownFileType = sourcecode.swift; path = ManufacturerCell.swift; sourceTree = "<group>"; };
		767AD91520C8639E00B934C3 /* OrderInfoCell.swift */ = {isa = PBXFileReference; fileEncoding = 4; lastKnownFileType = sourcecode.swift; path = OrderInfoCell.swift; sourceTree = "<group>"; };
		767AD91720C8654400B934C3 /* ItemsCell.swift */ = {isa = PBXFileReference; fileEncoding = 4; lastKnownFileType = sourcecode.swift; path = ItemsCell.swift; sourceTree = "<group>"; };
		767AD91920CAA28100B934C3 /* ItemsTableViewCell.swift */ = {isa = PBXFileReference; fileEncoding = 4; lastKnownFileType = sourcecode.swift; path = ItemsTableViewCell.swift; sourceTree = "<group>"; };
		767AD91C20CAF2F600B934C3 /* StatusFlowCell.swift */ = {isa = PBXFileReference; fileEncoding = 4; lastKnownFileType = sourcecode.swift; path = StatusFlowCell.swift; sourceTree = "<group>"; };
		767AD91E20CBA53A00B934C3 /* StatusItemCell.swift */ = {isa = PBXFileReference; fileEncoding = 4; lastKnownFileType = sourcecode.swift; path = StatusItemCell.swift; sourceTree = "<group>"; };
		767C1CBD20C2847C0022C0A5 /* EmailAuthViewController.swift */ = {isa = PBXFileReference; fileEncoding = 4; lastKnownFileType = sourcecode.swift; path = EmailAuthViewController.swift; sourceTree = "<group>"; };
		767C1CBF20C28A5F0022C0A5 /* icons8-задать-вопрос-30.png */ = {isa = PBXFileReference; lastKnownFileType = image.png; name = "icons8-задать-вопрос-30.png"; path = "PNG (deprecated)/icons8-задать-вопрос-30.png"; sourceTree = "<group>"; };
		767C1CC020C28A5F0022C0A5 /* icons8-камера-30.png */ = {isa = PBXFileReference; lastKnownFileType = image.png; name = "icons8-камера-30.png"; path = "PNG (deprecated)/icons8-камера-30.png"; sourceTree = "<group>"; };
		767C1CC320C2C8AA0022C0A5 /* OrderViewController.swift */ = {isa = PBXFileReference; fileEncoding = 4; lastKnownFileType = sourcecode.swift; path = OrderViewController.swift; sourceTree = "<group>"; };
		767C1CC520C324600022C0A5 /* ScanInfo.swift */ = {isa = PBXFileReference; fileEncoding = 4; lastKnownFileType = sourcecode.swift; path = ScanInfo.swift; sourceTree = "<group>"; };
		767C1CC720C3EB040022C0A5 /* icons8-доска-планшет-26.png */ = {isa = PBXFileReference; lastKnownFileType = image.png; name = "icons8-доска-планшет-26.png"; path = "PNG (deprecated)/icons8-доска-планшет-26.png"; sourceTree = "<group>"; };
		767C1CC820C3EB040022C0A5 /* icons8-земной-шар-filled-50.png */ = {isa = PBXFileReference; lastKnownFileType = image.png; name = "icons8-земной-шар-filled-50.png"; path = "PNG (deprecated)/icons8-земной-шар-filled-50.png"; sourceTree = "<group>"; };
		767C1CC920C3EB040022C0A5 /* icons8-календарь-50.png */ = {isa = PBXFileReference; lastKnownFileType = image.png; name = "icons8-календарь-50.png"; path = "PNG (deprecated)/icons8-календарь-50.png"; sourceTree = "<group>"; };
		767C1CCA20C3EB040022C0A5 /* icons8-новый-пост-filled-50.png */ = {isa = PBXFileReference; lastKnownFileType = image.png; name = "icons8-новый-пост-filled-50.png"; path = "PNG (deprecated)/icons8-новый-пост-filled-50.png"; sourceTree = "<group>"; };
		767C1CCB20C3EB040022C0A5 /* icons8-телефон-26.png */ = {isa = PBXFileReference; lastKnownFileType = image.png; name = "icons8-телефон-26.png"; path = "PNG (deprecated)/icons8-телефон-26.png"; sourceTree = "<group>"; };
		767C1CCC20C3EB040022C0A5 /* icons8-эл.-адрес-30.png */ = {isa = PBXFileReference; lastKnownFileType = image.png; name = "icons8-эл.-адрес-30.png"; path = "PNG (deprecated)/icons8-эл.-адрес-30.png"; sourceTree = "<group>"; };
		767C1CCD20C3EB040022C0A5 /* icons8-qr-код-26.png */ = {isa = PBXFileReference; lastKnownFileType = image.png; name = "icons8-qr-код-26.png"; path = "PNG (deprecated)/icons8-qr-код-26.png"; sourceTree = "<group>"; };
		76844B8120BD829B0057F2F4 /* User.swift */ = {isa = PBXFileReference; fileEncoding = 4; lastKnownFileType = sourcecode.swift; path = User.swift; sourceTree = "<group>"; };
		76844B8320BD8E370057F2F4 /* Parameters.swift */ = {isa = PBXFileReference; fileEncoding = 4; lastKnownFileType = sourcecode.swift; path = Parameters.swift; sourceTree = "<group>"; };
		768C372D20D04AE800173A1A /* Podfile */ = {isa = PBXFileReference; lastKnownFileType = text; path = Podfile; sourceTree = "<group>"; xcLanguageSpecificationIdentifier = xcode.lang.ruby; };
		768C372F20D2C74000173A1A /* QRAuthViewController.swift */ = {isa = PBXFileReference; lastKnownFileType = sourcecode.swift; path = QRAuthViewController.swift; sourceTree = "<group>"; };
		CE0052CE56C2228D0A844AAF /* Pods-Produvar.debug.xcconfig */ = {isa = PBXFileReference; includeInIndex = 1; lastKnownFileType = text.xcconfig; name = "Pods-Produvar.debug.xcconfig"; path = "Pods/Target Support Files/Pods-Produvar/Pods-Produvar.debug.xcconfig"; sourceTree = "<group>"; };
		D11D8A63B393224564DEEAF0 /* Pods-Produvar.release.xcconfig */ = {isa = PBXFileReference; includeInIndex = 1; lastKnownFileType = text.xcconfig; name = "Pods-Produvar.release.xcconfig"; path = "Pods/Target Support Files/Pods-Produvar/Pods-Produvar.release.xcconfig"; sourceTree = "<group>"; };
/* End PBXFileReference section */

/* Begin PBXFrameworksBuildPhase section */
		764B3C972090B15A0099971B /* Frameworks */ = {
			isa = PBXFrameworksBuildPhase;
			buildActionMask = 2147483647;
			files = (
				8F5A53C9287CD510FF00F008 /* Pods_Produvar.framework in Frameworks */,
			);
			runOnlyForDeploymentPostprocessing = 0;
		};
		764B3CAB2090B15C0099971B /* Frameworks */ = {
			isa = PBXFrameworksBuildPhase;
			buildActionMask = 2147483647;
			files = (
			);
			runOnlyForDeploymentPostprocessing = 0;
		};
		764B3CB62090B15C0099971B /* Frameworks */ = {
			isa = PBXFrameworksBuildPhase;
			buildActionMask = 2147483647;
			files = (
			);
			runOnlyForDeploymentPostprocessing = 0;
		};
/* End PBXFrameworksBuildPhase section */

/* Begin PBXGroup section */
		4CB6247ECE2EE5949F89BE8B /* Pods */ = {
			isa = PBXGroup;
			children = (
				CE0052CE56C2228D0A844AAF /* Pods-Produvar.debug.xcconfig */,
				D11D8A63B393224564DEEAF0 /* Pods-Produvar.release.xcconfig */,
			);
			name = Pods;
			sourceTree = "<group>";
		};
		7645198D20AAEA80004F2C7A /* Images */ = {
			isa = PBXGroup;
			children = (
				7629E86E20D6FA31008D2ED5 /* icons8-проверено-50.png */,
				7629E86F20D6FA31008D2ED5 /* icons8-рабочий-процесс-filled-50.png */,
				7629E86D20D6FA31008D2ED5 /* icons8-спящий-режим-50.png */,
				7607EC1E20CFB9D0008D351B /* 768px-Kvadrato.svg.png */,
				767C1CC720C3EB040022C0A5 /* icons8-доска-планшет-26.png */,
				767C1CC820C3EB040022C0A5 /* icons8-земной-шар-filled-50.png */,
				767C1CC920C3EB040022C0A5 /* icons8-календарь-50.png */,
				767C1CCA20C3EB040022C0A5 /* icons8-новый-пост-filled-50.png */,
				767C1CCB20C3EB040022C0A5 /* icons8-телефон-26.png */,
				767C1CCC20C3EB040022C0A5 /* icons8-эл.-адрес-30.png */,
				767C1CCD20C3EB040022C0A5 /* icons8-qr-код-26.png */,
				767C1CBF20C28A5F0022C0A5 /* icons8-задать-вопрос-30.png */,
				767C1CC020C28A5F0022C0A5 /* icons8-камера-30.png */,
				7645198E20AAEA90004F2C7A /* icons8-администратор-26.png */,
				7645198F20AAEA90004F2C7A /* produvar_logo.png */,
				7645199020AAEA90004F2C7A /* produvar_name_logo.png */,
				7645199120AAEA90004F2C7A /* produvar_white 2.png */,
				7645199220AAEA90004F2C7A /* produvar_white.png */,
			);
			name = Images;
			sourceTree = "<group>";
		};
		764B3C912090B15A0099971B = {
			isa = PBXGroup;
			children = (
				7629E87520D97770008D2ED5 /* Bugs */,
				768C372F20D2C74000173A1A /* QRAuthViewController.swift */,
				768C372D20D04AE800173A1A /* Podfile */,
				767AD91B20CAF21900B934C3 /* Cells */,
				767C1CC520C324600022C0A5 /* ScanInfo.swift */,
				767C1CC320C2C8AA0022C0A5 /* OrderViewController.swift */,
				767C1CBD20C2847C0022C0A5 /* EmailAuthViewController.swift */,
				764B3C9C2090B15C0099971B /* Produvar */,
				764B3CB12090B15C0099971B /* ProduvarTests */,
				764B3CBC2090B15C0099971B /* ProduvarUITests */,
				764B3C9B2090B15C0099971B /* Products */,
				4CB6247ECE2EE5949F89BE8B /* Pods */,
				DCD842585673535DC2854293 /* Frameworks */,
			);
			sourceTree = "<group>";
		};
		764B3C9B2090B15C0099971B /* Products */ = {
			isa = PBXGroup;
			children = (
				764B3C9A2090B15C0099971B /* Produvar.app */,
				764B3CAE2090B15C0099971B /* ProduvarTests.xctest */,
				764B3CB92090B15C0099971B /* ProduvarUITests.xctest */,
			);
			name = Products;
			sourceTree = "<group>";
		};
		764B3C9C2090B15C0099971B /* Produvar */ = {
			isa = PBXGroup;
			children = (
				7645198D20AAEA80004F2C7A /* Images */,
				764B3C9D2090B15C0099971B /* AppDelegate.swift */,
				764B3C9F2090B15C0099971B /* ViewController.swift */,
				764B3CA12090B15C0099971B /* Main.storyboard */,
				764B3CA42090B15C0099971B /* Assets.xcassets */,
				764B3CA62090B15C0099971B /* LaunchScreen.storyboard */,
				764B3CA92090B15C0099971B /* Info.plist */,
				7645198720AADCAA004F2C7A /* AuthController.swift */,
				7645198920AAE46A004F2C7A /* MainViewController.swift */,
				7645198B20AAE67A004F2C7A /* AllowViewController.swift */,
				76844B8120BD829B0057F2F4 /* User.swift */,
				76844B8320BD8E370057F2F4 /* Parameters.swift */,
			);
			path = Produvar;
			sourceTree = "<group>";
		};
		764B3CB12090B15C0099971B /* ProduvarTests */ = {
			isa = PBXGroup;
			children = (
				764B3CB22090B15C0099971B /* ProduvarTests.swift */,
				764B3CB42090B15C0099971B /* Info.plist */,
			);
			path = ProduvarTests;
			sourceTree = "<group>";
		};
		764B3CBC2090B15C0099971B /* ProduvarUITests */ = {
			isa = PBXGroup;
			children = (
				764B3CBD2090B15C0099971B /* ProduvarUITests.swift */,
				764B3CBF2090B15C0099971B /* Info.plist */,
			);
			path = ProduvarUITests;
			sourceTree = "<group>";
		};
		767AD91B20CAF21900B934C3 /* Cells */ = {
			isa = PBXGroup;
			children = (
				767AD91920CAA28100B934C3 /* ItemsTableViewCell.swift */,
				767AD91720C8654400B934C3 /* ItemsCell.swift */,
				767AD91520C8639E00B934C3 /* OrderInfoCell.swift */,
				767AD91320C862C100B934C3 /* ManufacturerCell.swift */,
				767AD91C20CAF2F600B934C3 /* StatusFlowCell.swift */,
				767AD91E20CBA53A00B934C3 /* StatusItemCell.swift */,
				7607EC1A20CEB6B1008D351B /* MessageCell.swift */,
				7607EC1C20CEB700008D351B /* MessageItemCell.swift */,
				7629E87720D97FBA008D2ED5 /* UpdateStatusCell.swift */,
			);
			name = Cells;
			sourceTree = "<group>";
		};
		DCD842585673535DC2854293 /* Frameworks */ = {
			isa = PBXGroup;
			children = (
				26C51D2C9AFC84501570A8FD /* Pods_Produvar.framework */,
			);
			name = Frameworks;
			sourceTree = "<group>";
		};
/* End PBXGroup section */

/* Begin PBXNativeTarget section */
		764B3C992090B15A0099971B /* Produvar */ = {
			isa = PBXNativeTarget;
			buildConfigurationList = 764B3CC22090B15C0099971B /* Build configuration list for PBXNativeTarget "Produvar" */;
			buildPhases = (
				8575B3CE96B5D46CCC17456F /* [CP] Check Pods Manifest.lock */,
				764B3C962090B15A0099971B /* Sources */,
				764B3C972090B15A0099971B /* Frameworks */,
				764B3C982090B15A0099971B /* Resources */,
				564858958AC6FB5C1AEC53D3 /* [CP] Embed Pods Frameworks */,
			);
			buildRules = (
			);
			dependencies = (
			);
			name = Produvar;
			productName = Produvar;
			productReference = 764B3C9A2090B15C0099971B /* Produvar.app */;
			productType = "com.apple.product-type.application";
		};
		764B3CAD2090B15C0099971B /* ProduvarTests */ = {
			isa = PBXNativeTarget;
			buildConfigurationList = 764B3CC52090B15C0099971B /* Build configuration list for PBXNativeTarget "ProduvarTests" */;
			buildPhases = (
				764B3CAA2090B15C0099971B /* Sources */,
				764B3CAB2090B15C0099971B /* Frameworks */,
				764B3CAC2090B15C0099971B /* Resources */,
			);
			buildRules = (
			);
			dependencies = (
				764B3CB02090B15C0099971B /* PBXTargetDependency */,
			);
			name = ProduvarTests;
			productName = ProduvarTests;
			productReference = 764B3CAE2090B15C0099971B /* ProduvarTests.xctest */;
			productType = "com.apple.product-type.bundle.unit-test";
		};
		764B3CB82090B15C0099971B /* ProduvarUITests */ = {
			isa = PBXNativeTarget;
			buildConfigurationList = 764B3CC82090B15C0099971B /* Build configuration list for PBXNativeTarget "ProduvarUITests" */;
			buildPhases = (
				764B3CB52090B15C0099971B /* Sources */,
				764B3CB62090B15C0099971B /* Frameworks */,
				764B3CB72090B15C0099971B /* Resources */,
			);
			buildRules = (
			);
			dependencies = (
				764B3CBB2090B15C0099971B /* PBXTargetDependency */,
			);
			name = ProduvarUITests;
			productName = ProduvarUITests;
			productReference = 764B3CB92090B15C0099971B /* ProduvarUITests.xctest */;
			productType = "com.apple.product-type.bundle.ui-testing";
		};
/* End PBXNativeTarget section */

/* Begin PBXProject section */
		764B3C922090B15A0099971B /* Project object */ = {
			isa = PBXProject;
			attributes = {
				LastSwiftUpdateCheck = 0820;
				LastUpgradeCheck = 0820;
				ORGANIZATIONNAME = HSEProject;
				TargetAttributes = {
					764B3C992090B15A0099971B = {
						CreatedOnToolsVersion = 8.2.1;
						DevelopmentTeam = UR5GQ524TD;
						ProvisioningStyle = Automatic;
					};
					764B3CAD2090B15C0099971B = {
						CreatedOnToolsVersion = 8.2.1;
						ProvisioningStyle = Automatic;
						TestTargetID = 764B3C992090B15A0099971B;
					};
					764B3CB82090B15C0099971B = {
						CreatedOnToolsVersion = 8.2.1;
						ProvisioningStyle = Automatic;
						TestTargetID = 764B3C992090B15A0099971B;
					};
				};
			};
			buildConfigurationList = 764B3C952090B15A0099971B /* Build configuration list for PBXProject "Produvar" */;
			compatibilityVersion = "Xcode 3.2";
			developmentRegion = English;
			hasScannedForEncodings = 0;
			knownRegions = (
				en,
				Base,
			);
			mainGroup = 764B3C912090B15A0099971B;
			productRefGroup = 764B3C9B2090B15C0099971B /* Products */;
			projectDirPath = "";
			projectRoot = "";
			targets = (
				764B3C992090B15A0099971B /* Produvar */,
				764B3CAD2090B15C0099971B /* ProduvarTests */,
				764B3CB82090B15C0099971B /* ProduvarUITests */,
			);
		};
/* End PBXProject section */

/* Begin PBXResourcesBuildPhase section */
		764B3C982090B15A0099971B /* Resources */ = {
			isa = PBXResourcesBuildPhase;
			buildActionMask = 2147483647;
			files = (
				764B3CA82090B15C0099971B /* LaunchScreen.storyboard in Resources */,
				767C1CC220C28A5F0022C0A5 /* icons8-камера-30.png in Resources */,
				767C1CD420C3EB040022C0A5 /* icons8-qr-код-26.png in Resources */,
				7629E87220D6FA31008D2ED5 /* icons8-рабочий-процесс-filled-50.png in Resources */,
				7607EC1F20CFB9D0008D351B /* 768px-Kvadrato.svg.png in Resources */,
				767C1CD120C3EB040022C0A5 /* icons8-новый-пост-filled-50.png in Resources */,
				7645199420AAEA90004F2C7A /* produvar_logo.png in Resources */,
				767C1CD020C3EB040022C0A5 /* icons8-календарь-50.png in Resources */,
				7629E87020D6FA31008D2ED5 /* icons8-спящий-режим-50.png in Resources */,
				7645199520AAEA90004F2C7A /* produvar_name_logo.png in Resources */,
				7645199720AAEA90004F2C7A /* produvar_white.png in Resources */,
				7629E87120D6FA31008D2ED5 /* icons8-проверено-50.png in Resources */,
				768C372E20D04AE800173A1A /* Podfile in Resources */,
				767C1CCE20C3EB040022C0A5 /* icons8-доска-планшет-26.png in Resources */,
				767C1CD320C3EB040022C0A5 /* icons8-эл.-адрес-30.png in Resources */,
				7629E87620D97770008D2ED5 /* Bugs in Resources */,
				767C1CCF20C3EB040022C0A5 /* icons8-земной-шар-filled-50.png in Resources */,
				767C1CC120C28A5F0022C0A5 /* icons8-задать-вопрос-30.png in Resources */,
				7645199320AAEA90004F2C7A /* icons8-администратор-26.png in Resources */,
				7645199620AAEA90004F2C7A /* produvar_white 2.png in Resources */,
				764B3CA52090B15C0099971B /* Assets.xcassets in Resources */,
				764B3CA32090B15C0099971B /* Main.storyboard in Resources */,
				767C1CD220C3EB040022C0A5 /* icons8-телефон-26.png in Resources */,
			);
			runOnlyForDeploymentPostprocessing = 0;
		};
		764B3CAC2090B15C0099971B /* Resources */ = {
			isa = PBXResourcesBuildPhase;
			buildActionMask = 2147483647;
			files = (
			);
			runOnlyForDeploymentPostprocessing = 0;
		};
		764B3CB72090B15C0099971B /* Resources */ = {
			isa = PBXResourcesBuildPhase;
			buildActionMask = 2147483647;
			files = (
			);
			runOnlyForDeploymentPostprocessing = 0;
		};
/* End PBXResourcesBuildPhase section */

/* Begin PBXShellScriptBuildPhase section */
		564858958AC6FB5C1AEC53D3 /* [CP] Embed Pods Frameworks */ = {
			isa = PBXShellScriptBuildPhase;
			buildActionMask = 2147483647;
			files = (
			);
			inputPaths = (
				"${SRCROOT}/Pods/Target Support Files/Pods-Produvar/Pods-Produvar-frameworks.sh",
				"${BUILT_PRODUCTS_DIR}/Alamofire/Alamofire.framework",
			);
			name = "[CP] Embed Pods Frameworks";
			outputPaths = (
				"${TARGET_BUILD_DIR}/${FRAMEWORKS_FOLDER_PATH}/Alamofire.framework",
			);
			runOnlyForDeploymentPostprocessing = 0;
			shellPath = /bin/sh;
			shellScript = "\"${SRCROOT}/Pods/Target Support Files/Pods-Produvar/Pods-Produvar-frameworks.sh\"\n";
			showEnvVarsInLog = 0;
		};
		8575B3CE96B5D46CCC17456F /* [CP] Check Pods Manifest.lock */ = {
			isa = PBXShellScriptBuildPhase;
			buildActionMask = 2147483647;
			files = (
			);
			inputPaths = (
				"${PODS_PODFILE_DIR_PATH}/Podfile.lock",
				"${PODS_ROOT}/Manifest.lock",
			);
			name = "[CP] Check Pods Manifest.lock";
			outputPaths = (
				"$(DERIVED_FILE_DIR)/Pods-Produvar-checkManifestLockResult.txt",
			);
			runOnlyForDeploymentPostprocessing = 0;
			shellPath = /bin/sh;
			shellScript = "diff \"${PODS_PODFILE_DIR_PATH}/Podfile.lock\" \"${PODS_ROOT}/Manifest.lock\" > /dev/null\nif [ $? != 0 ] ; then\n    # print error to STDERR\n    echo \"error: The sandbox is not in sync with the Podfile.lock. Run 'pod install' or update your CocoaPods installation.\" >&2\n    exit 1\nfi\n# This output is used by Xcode 'outputs' to avoid re-running this script phase.\necho \"SUCCESS\" > \"${SCRIPT_OUTPUT_FILE_0}\"\n";
			showEnvVarsInLog = 0;
		};
/* End PBXShellScriptBuildPhase section */

/* Begin PBXSourcesBuildPhase section */
		764B3C962090B15A0099971B /* Sources */ = {
			isa = PBXSourcesBuildPhase;
			buildActionMask = 2147483647;
			files = (
				764B3CA02090B15C0099971B /* ViewController.swift in Sources */,
				767C1CBE20C2847C0022C0A5 /* EmailAuthViewController.swift in Sources */,
				767AD91F20CBA53A00B934C3 /* StatusItemCell.swift in Sources */,
				76844B8420BD8E370057F2F4 /* Parameters.swift in Sources */,
				7607EC1D20CEB700008D351B /* MessageItemCell.swift in Sources */,
				768C373020D2C74000173A1A /* QRAuthViewController.swift in Sources */,
				7645198820AADCAA004F2C7A /* AuthController.swift in Sources */,
				767C1CC620C324600022C0A5 /* ScanInfo.swift in Sources */,
				767AD91D20CAF2F600B934C3 /* StatusFlowCell.swift in Sources */,
				76844B8220BD829B0057F2F4 /* User.swift in Sources */,
				767AD91620C8639E00B934C3 /* OrderInfoCell.swift in Sources */,
				764B3C9E2090B15C0099971B /* AppDelegate.swift in Sources */,
				7629E87820D97FBA008D2ED5 /* UpdateStatusCell.swift in Sources */,
				7645198C20AAE67A004F2C7A /* AllowViewController.swift in Sources */,
				7645198A20AAE46A004F2C7A /* MainViewController.swift in Sources */,
				767AD91A20CAA28100B934C3 /* ItemsTableViewCell.swift in Sources */,
				7607EC1B20CEB6B1008D351B /* MessageCell.swift in Sources */,
				767C1CC420C2C8AA0022C0A5 /* OrderViewController.swift in Sources */,
				767AD91820C8654400B934C3 /* ItemsCell.swift in Sources */,
				767AD91420C862C100B934C3 /* ManufacturerCell.swift in Sources */,
			);
			runOnlyForDeploymentPostprocessing = 0;
		};
		764B3CAA2090B15C0099971B /* Sources */ = {
			isa = PBXSourcesBuildPhase;
			buildActionMask = 2147483647;
			files = (
				764B3CB32090B15C0099971B /* ProduvarTests.swift in Sources */,
			);
			runOnlyForDeploymentPostprocessing = 0;
		};
		764B3CB52090B15C0099971B /* Sources */ = {
			isa = PBXSourcesBuildPhase;
			buildActionMask = 2147483647;
			files = (
				764B3CBE2090B15C0099971B /* ProduvarUITests.swift in Sources */,
			);
			runOnlyForDeploymentPostprocessing = 0;
		};
/* End PBXSourcesBuildPhase section */

/* Begin PBXTargetDependency section */
		764B3CB02090B15C0099971B /* PBXTargetDependency */ = {
			isa = PBXTargetDependency;
			target = 764B3C992090B15A0099971B /* Produvar */;
			targetProxy = 764B3CAF2090B15C0099971B /* PBXContainerItemProxy */;
		};
		764B3CBB2090B15C0099971B /* PBXTargetDependency */ = {
			isa = PBXTargetDependency;
			target = 764B3C992090B15A0099971B /* Produvar */;
			targetProxy = 764B3CBA2090B15C0099971B /* PBXContainerItemProxy */;
		};
/* End PBXTargetDependency section */

/* Begin PBXVariantGroup section */
		764B3CA12090B15C0099971B /* Main.storyboard */ = {
			isa = PBXVariantGroup;
			children = (
				764B3CA22090B15C0099971B /* Base */,
			);
			name = Main.storyboard;
			sourceTree = "<group>";
		};
		764B3CA62090B15C0099971B /* LaunchScreen.storyboard */ = {
			isa = PBXVariantGroup;
			children = (
				764B3CA72090B15C0099971B /* Base */,
			);
			name = LaunchScreen.storyboard;
			sourceTree = "<group>";
		};
/* End PBXVariantGroup section */

/* Begin XCBuildConfiguration section */
		764B3CC02090B15C0099971B /* Debug */ = {
			isa = XCBuildConfiguration;
			buildSettings = {
				ALWAYS_SEARCH_USER_PATHS = NO;
				CLANG_ANALYZER_NONNULL = YES;
				CLANG_CXX_LANGUAGE_STANDARD = "gnu++0x";
				CLANG_CXX_LIBRARY = "libc++";
				CLANG_ENABLE_MODULES = YES;
				CLANG_ENABLE_OBJC_ARC = YES;
				CLANG_WARN_BOOL_CONVERSION = YES;
				CLANG_WARN_CONSTANT_CONVERSION = YES;
				CLANG_WARN_DIRECT_OBJC_ISA_USAGE = YES_ERROR;
				CLANG_WARN_DOCUMENTATION_COMMENTS = YES;
				CLANG_WARN_EMPTY_BODY = YES;
				CLANG_WARN_ENUM_CONVERSION = YES;
				CLANG_WARN_INFINITE_RECURSION = YES;
				CLANG_WARN_INT_CONVERSION = YES;
				CLANG_WARN_OBJC_ROOT_CLASS = YES_ERROR;
				CLANG_WARN_SUSPICIOUS_MOVE = YES;
				CLANG_WARN_UNREACHABLE_CODE = YES;
				CLANG_WARN__DUPLICATE_METHOD_MATCH = YES;
				"CODE_SIGN_IDENTITY[sdk=iphoneos*]" = "iPhone Developer";
				COPY_PHASE_STRIP = NO;
				DEBUG_INFORMATION_FORMAT = dwarf;
				ENABLE_STRICT_OBJC_MSGSEND = YES;
				ENABLE_TESTABILITY = YES;
				GCC_C_LANGUAGE_STANDARD = gnu99;
				GCC_DYNAMIC_NO_PIC = NO;
				GCC_NO_COMMON_BLOCKS = YES;
				GCC_OPTIMIZATION_LEVEL = 0;
				GCC_PREPROCESSOR_DEFINITIONS = (
					"DEBUG=1",
					"$(inherited)",
				);
				GCC_WARN_64_TO_32_BIT_CONVERSION = YES;
				GCC_WARN_ABOUT_RETURN_TYPE = YES_ERROR;
				GCC_WARN_UNDECLARED_SELECTOR = YES;
				GCC_WARN_UNINITIALIZED_AUTOS = YES_AGGRESSIVE;
				GCC_WARN_UNUSED_FUNCTION = YES;
				GCC_WARN_UNUSED_VARIABLE = YES;
				IPHONEOS_DEPLOYMENT_TARGET = 10.2;
				MTL_ENABLE_DEBUG_INFO = YES;
				ONLY_ACTIVE_ARCH = YES;
				SDKROOT = iphoneos;
				SWIFT_ACTIVE_COMPILATION_CONDITIONS = DEBUG;
				SWIFT_OPTIMIZATION_LEVEL = "-Onone";
			};
			name = Debug;
		};
		764B3CC12090B15C0099971B /* Release */ = {
			isa = XCBuildConfiguration;
			buildSettings = {
				ALWAYS_SEARCH_USER_PATHS = NO;
				CLANG_ANALYZER_NONNULL = YES;
				CLANG_CXX_LANGUAGE_STANDARD = "gnu++0x";
				CLANG_CXX_LIBRARY = "libc++";
				CLANG_ENABLE_MODULES = YES;
				CLANG_ENABLE_OBJC_ARC = YES;
				CLANG_WARN_BOOL_CONVERSION = YES;
				CLANG_WARN_CONSTANT_CONVERSION = YES;
				CLANG_WARN_DIRECT_OBJC_ISA_USAGE = YES_ERROR;
				CLANG_WARN_DOCUMENTATION_COMMENTS = YES;
				CLANG_WARN_EMPTY_BODY = YES;
				CLANG_WARN_ENUM_CONVERSION = YES;
				CLANG_WARN_INFINITE_RECURSION = YES;
				CLANG_WARN_INT_CONVERSION = YES;
				CLANG_WARN_OBJC_ROOT_CLASS = YES_ERROR;
				CLANG_WARN_SUSPICIOUS_MOVE = YES;
				CLANG_WARN_UNREACHABLE_CODE = YES;
				CLANG_WARN__DUPLICATE_METHOD_MATCH = YES;
				"CODE_SIGN_IDENTITY[sdk=iphoneos*]" = "iPhone Developer";
				COPY_PHASE_STRIP = NO;
				DEBUG_INFORMATION_FORMAT = "dwarf-with-dsym";
				ENABLE_NS_ASSERTIONS = NO;
				ENABLE_STRICT_OBJC_MSGSEND = YES;
				GCC_C_LANGUAGE_STANDARD = gnu99;
				GCC_NO_COMMON_BLOCKS = YES;
				GCC_WARN_64_TO_32_BIT_CONVERSION = YES;
				GCC_WARN_ABOUT_RETURN_TYPE = YES_ERROR;
				GCC_WARN_UNDECLARED_SELECTOR = YES;
				GCC_WARN_UNINITIALIZED_AUTOS = YES_AGGRESSIVE;
				GCC_WARN_UNUSED_FUNCTION = YES;
				GCC_WARN_UNUSED_VARIABLE = YES;
				IPHONEOS_DEPLOYMENT_TARGET = 10.2;
				MTL_ENABLE_DEBUG_INFO = NO;
				SDKROOT = iphoneos;
				SWIFT_OPTIMIZATION_LEVEL = "-Owholemodule";
				VALIDATE_PRODUCT = YES;
			};
			name = Release;
		};
		764B3CC32090B15C0099971B /* Debug */ = {
			isa = XCBuildConfiguration;
			baseConfigurationReference = CE0052CE56C2228D0A844AAF /* Pods-Produvar.debug.xcconfig */;
			buildSettings = {
				ASSETCATALOG_COMPILER_APPICON_NAME = AppIcon;
				DEVELOPMENT_TEAM = UR5GQ524TD;
				INFOPLIST_FILE = Produvar/Info.plist;
				IPHONEOS_DEPLOYMENT_TARGET = 10.3;
				LD_RUNPATH_SEARCH_PATHS = "$(inherited) @executable_path/Frameworks";
				PRODUCT_BUNDLE_IDENTIFIER = HSE.Produvar;
				PRODUCT_NAME = "$(TARGET_NAME)";
				SWIFT_VERSION = 3.0;
				TARGETED_DEVICE_FAMILY = 1;
			};
			name = Debug;
		};
		764B3CC42090B15C0099971B /* Release */ = {
			isa = XCBuildConfiguration;
			baseConfigurationReference = D11D8A63B393224564DEEAF0 /* Pods-Produvar.release.xcconfig */;
			buildSettings = {
				ASSETCATALOG_COMPILER_APPICON_NAME = AppIcon;
				DEVELOPMENT_TEAM = UR5GQ524TD;
				INFOPLIST_FILE = Produvar/Info.plist;
				IPHONEOS_DEPLOYMENT_TARGET = 10.3;
				LD_RUNPATH_SEARCH_PATHS = "$(inherited) @executable_path/Frameworks";
				PRODUCT_BUNDLE_IDENTIFIER = HSE.Produvar;
				PRODUCT_NAME = "$(TARGET_NAME)";
				SWIFT_VERSION = 3.0;
				TARGETED_DEVICE_FAMILY = 1;
			};
			name = Release;
		};
		764B3CC62090B15C0099971B /* Debug */ = {
			isa = XCBuildConfiguration;
			buildSettings = {
				ALWAYS_EMBED_SWIFT_STANDARD_LIBRARIES = YES;
				BUNDLE_LOADER = "$(TEST_HOST)";
				INFOPLIST_FILE = ProduvarTests/Info.plist;
				LD_RUNPATH_SEARCH_PATHS = "$(inherited) @executable_path/Frameworks @loader_path/Frameworks";
				PRODUCT_BUNDLE_IDENTIFIER = HSE.ProduvarTests;
				PRODUCT_NAME = "$(TARGET_NAME)";
				SWIFT_VERSION = 3.0;
				TEST_HOST = "$(BUILT_PRODUCTS_DIR)/Produvar.app/Produvar";
			};
			name = Debug;
		};
		764B3CC72090B15C0099971B /* Release */ = {
			isa = XCBuildConfiguration;
			buildSettings = {
				ALWAYS_EMBED_SWIFT_STANDARD_LIBRARIES = YES;
				BUNDLE_LOADER = "$(TEST_HOST)";
				INFOPLIST_FILE = ProduvarTests/Info.plist;
				LD_RUNPATH_SEARCH_PATHS = "$(inherited) @executable_path/Frameworks @loader_path/Frameworks";
				PRODUCT_BUNDLE_IDENTIFIER = HSE.ProduvarTests;
				PRODUCT_NAME = "$(TARGET_NAME)";
				SWIFT_VERSION = 3.0;
				TEST_HOST = "$(BUILT_PRODUCTS_DIR)/Produvar.app/Produvar";
			};
			name = Release;
		};
		764B3CC92090B15C0099971B /* Debug */ = {
			isa = XCBuildConfiguration;
			buildSettings = {
				ALWAYS_EMBED_SWIFT_STANDARD_LIBRARIES = YES;
				INFOPLIST_FILE = ProduvarUITests/Info.plist;
				LD_RUNPATH_SEARCH_PATHS = "$(inherited) @executable_path/Frameworks @loader_path/Frameworks";
				PRODUCT_BUNDLE_IDENTIFIER = HSE.ProduvarUITests;
				PRODUCT_NAME = "$(TARGET_NAME)";
				SWIFT_VERSION = 3.0;
				TEST_TARGET_NAME = Produvar;
			};
			name = Debug;
		};
		764B3CCA2090B15C0099971B /* Release */ = {
			isa = XCBuildConfiguration;
			buildSettings = {
				ALWAYS_EMBED_SWIFT_STANDARD_LIBRARIES = YES;
				INFOPLIST_FILE = ProduvarUITests/Info.plist;
				LD_RUNPATH_SEARCH_PATHS = "$(inherited) @executable_path/Frameworks @loader_path/Frameworks";
				PRODUCT_BUNDLE_IDENTIFIER = HSE.ProduvarUITests;
				PRODUCT_NAME = "$(TARGET_NAME)";
				SWIFT_VERSION = 3.0;
				TEST_TARGET_NAME = Produvar;
			};
			name = Release;
		};
/* End XCBuildConfiguration section */

/* Begin XCConfigurationList section */
		764B3C952090B15A0099971B /* Build configuration list for PBXProject "Produvar" */ = {
			isa = XCConfigurationList;
			buildConfigurations = (
				764B3CC02090B15C0099971B /* Debug */,
				764B3CC12090B15C0099971B /* Release */,
			);
			defaultConfigurationIsVisible = 0;
			defaultConfigurationName = Release;
		};
		764B3CC22090B15C0099971B /* Build configuration list for PBXNativeTarget "Produvar" */ = {
			isa = XCConfigurationList;
			buildConfigurations = (
				764B3CC32090B15C0099971B /* Debug */,
				764B3CC42090B15C0099971B /* Release */,
			);
			defaultConfigurationIsVisible = 0;
			defaultConfigurationName = Release;
		};
		764B3CC52090B15C0099971B /* Build configuration list for PBXNativeTarget "ProduvarTests" */ = {
			isa = XCConfigurationList;
			buildConfigurations = (
				764B3CC62090B15C0099971B /* Debug */,
				764B3CC72090B15C0099971B /* Release */,
			);
			defaultConfigurationIsVisible = 0;
			defaultConfigurationName = Release;
		};
		764B3CC82090B15C0099971B /* Build configuration list for PBXNativeTarget "ProduvarUITests" */ = {
			isa = XCConfigurationList;
			buildConfigurations = (
				764B3CC92090B15C0099971B /* Debug */,
				764B3CCA2090B15C0099971B /* Release */,
			);
			defaultConfigurationIsVisible = 0;
			defaultConfigurationName = Release;
		};
/* End XCConfigurationList section */
	};
	rootObject = 764B3C922090B15A0099971B /* Project object */;
}
